{
  "requires": true,
  "lockfileVersion": 1,
  "dependencies": {
    "express-validator": {
      "version": "6.10.0",
      "resolved": "https://registry.npmjs.org/express-validator/-/express-validator-6.10.0.tgz",
      "integrity": "sha512-gDtepU94EpUzgFvKO/8JzjZ4uqIF4xHekjYtcNgFDiBK6Hob3MQhPU8s/c3NaWd1xi5e5nA0oVmOJ0b0ZBO36Q==",
      "requires": {
        "lodash": "^4.17.20",
        "validator": "^13.5.2"
      }
    },
    "lodash": {
      "version": "4.17.21",
      "resolved": "https://registry.npmjs.org/lodash/-/lodash-4.17.21.tgz",
      "integrity": "sha512-v2kDEe57lecTulaDIuNTPy3Ry4gLGJ6Z1O3vE1krgXZNrsQ+LFTGHVxVjcXPs17LhbZVGedAJv8XZ1tvj5FvSg=="
    },
    "validator": {
      "version": "13.5.2",
      "resolved": "https://registry.npmjs.org/validator/-/validator-13.5.2.tgz",
      "integrity": "sha512-mD45p0rvHVBlY2Zuy3F3ESIe1h5X58GPfAtslBjY7EtTqGquZTj+VX/J4RnHWN8FKq0C9WRVt1oWAcytWRuYLQ=="
    }
  }
}
